
Microsoft Visual Studio Solution File, Format Version 12.00
# Visual Studio 2013
VisualStudioVersion = 12.0.21005.1
MinimumVisualStudioVersion = 10.0.40219.1
Project("{FAE04EC0-301F-11D3-BF4B-00C04F79EFBC}") = "ClassLibrary1", "ClassLibrary1\ClassLibrary1.csproj", "{E5F9A7F5-AD69-4411-B495-1AE08A793E22}"
EndProject
Project("{E24C65DC-7377-472B-9ABA-BC803B73C61A}") = "website1(1)", "http://localhost:17679", "{C1E5EB5F-CE47-43A0-BF00-C37200C77666}"
	ProjectSection(WebsiteProperties) = preProject
		UseIISExpress = "true"
		TargetFrameworkMoniker = ".NETFramework,Version%3Dv4.5"
		Debug.AspNetCompiler.VirtualPath = "/localhost_17679"
		Debug.AspNetCompiler.PhysicalPath = "website1\"
		Debug.AspNetCompiler.TargetPath = "PrecompiledWeb\localhost_17679\"
		Debug.AspNetCompiler.Updateable = "true"
		Debug.AspNetCompiler.ForceOverwrite = "true"
		Debug.AspNetCompiler.FixedNames = "false"
		Debug.AspNetCompiler.Debug = "True"
		Release.AspNetCompiler.VirtualPath = "/localhost_17679"
		Release.AspNetCompiler.PhysicalPath = "website1\"
		Release.AspNetCompiler.TargetPath = "PrecompiledWeb\localhost_17679\"
		Release.AspNetCompiler.Updateable = "true"
		Release.AspNetCompiler.ForceOverwrite = "true"
		Release.AspNetCompiler.FixedNames = "false"
		Release.AspNetCompiler.Debug = "False"
		SlnRelativePath = "website1\"
		DefaultWebSiteLanguage = "Visual Basic"
	EndProjectSection
EndProject
Project("{E24C65DC-7377-472B-9ABA-BC803B73C61A}") = "website2", "http://localhost:17711", "{F99CE574-889A-4FB2-8E9F-521547FCB012}"
	ProjectSection(WebsiteProperties) = preProject
		UseIISExpress = "true"
		TargetFrameworkMoniker = ".NETFramework,Version%3Dv4.5"
		Debug.AspNetCompiler.VirtualPath = "/localhost_17711"
		Debug.AspNetCompiler.PhysicalPath = "website2\"
		Debug.AspNetCompiler.TargetPath = "PrecompiledWeb\localhost_17711\"
		Debug.AspNetCompiler.Updateable = "true"
		Debug.AspNetCompiler.ForceOverwrite = "true"
		Debug.AspNetCompiler.FixedNames = "false"
		Debug.AspNetCompiler.Debug = "True"
		Release.AspNetCompiler.VirtualPath = "/localhost_17711"
		Release.AspNetCompiler.PhysicalPath = "website2\"
		Release.AspNetCompiler.TargetPath = "PrecompiledWeb\localhost_17711\"
		Release.AspNetCompiler.Updateable = "true"
		Release.AspNetCompiler.ForceOverwrite = "true"
		Release.AspNetCompiler.FixedNames = "false"
		Release.AspNetCompiler.Debug = "False"
		SlnRelativePath = "website2\"
		DefaultWebSiteLanguage = "Visual Basic"
	EndProjectSection
EndProject
Global
	GlobalSection(SolutionConfigurationPlatforms) = preSolution
		Debug|Any CPU = Debug|Any CPU
		Release|Any CPU = Release|Any CPU
	EndGlobalSection
	GlobalSection(ProjectConfigurationPlatforms) = postSolution
		{E5F9A7F5-AD69-4411-B495-1AE08A793E22}.Debug|Any CPU.ActiveCfg = Debug|Any CPU
		{E5F9A7F5-AD69-4411-B495-1AE08A793E22}.Debug|Any CPU.Build.0 = Debug|Any CPU
		{E5F9A7F5-AD69-4411-B495-1AE08A793E22}.Release|Any CPU.ActiveCfg = Release|Any CPU
		{E5F9A7F5-AD69-4411-B495-1AE08A793E22}.Release|Any CPU.Build.0 = Release|Any CPU
		{C1E5EB5F-CE47-43A0-BF00-C37200C77666}.Debug|Any CPU.ActiveCfg = Debug|Any CPU
		{C1E5EB5F-CE47-43A0-BF00-C37200C77666}.Debug|Any CPU.Build.0 = Debug|Any CPU
		{C1E5EB5F-CE47-43A0-BF00-C37200C77666}.Release|Any CPU.ActiveCfg = Debug|Any CPU
		{C1E5EB5F-CE47-43A0-BF00-C37200C77666}.Release|Any CPU.Build.0 = Debug|Any CPU
		{F99CE574-889A-4FB2-8E9F-521547FCB012}.Debug|Any CPU.ActiveCfg = Debug|Any CPU
		{F99CE574-889A-4FB2-8E9F-521547FCB012}.Debug|Any CPU.Build.0 = Debug|Any CPU
		{F99CE574-889A-4FB2-8E9F-521547FCB012}.Release|Any CPU.ActiveCfg = Debug|Any CPU
		{F99CE574-889A-4FB2-8E9F-521547FCB012}.Release|Any CPU.Build.0 = Debug|Any CPU
	EndGlobalSection
	GlobalSection(SolutionProperties) = preSolution
		HideSolutionNode = FALSE
	EndGlobalSection
EndGlobal
